
Microsoft Visual Studio Solution File, Format Version 12.00
# Visual Studio Version 17
VisualStudioVersion = 17.5.33530.505
MinimumVisualStudioVersion = 10.0.40219.1
Project("{9A19103F-16F7-4668-BE54-9A1E7A4F7556}") = "OpenGrade", "OpenGrade.csproj", "{638844BB-69DB-458C-B44D-152D3D74544B}"
EndProject
Project("{FAE04EC0-301F-11D3-BF4B-00C04F79EFBC}") = "OpenGradeTesting", "OpenGradeTesting\OpenGradeTesting.csproj", "{74CC959A-CC9F-4AD1-B487-93902BE67421}"
EndProject
Global
	GlobalSection(SolutionConfigurationPlatforms) = preSolution
		Debug|Any CPU = Debug|Any CPU
		Release|Any CPU = Release|Any CPU
	EndGlobalSection
	GlobalSection(ProjectConfigurationPlatforms) = postSolution
		{638844BB-69DB-458C-B44D-152D3D74544B}.Debug|Any CPU.ActiveCfg = Debug|Any CPU
		{638844BB-69DB-458C-B44D-152D3D74544B}.Debug|Any CPU.Build.0 = Debug|Any CPU
		{638844BB-69DB-458C-B44D-152D3D74544B}.Release|Any CPU.ActiveCfg = Release|Any CPU
		{638844BB-69DB-458C-B44D-152D3D74544B}.Release|Any CPU.Build.0 = Release|Any CPU
		{74CC959A-CC9F-4AD1-B487-93902BE67421}.Debug|Any CPU.ActiveCfg = Debug|Any CPU
		{74CC959A-CC9F-4AD1-B487-93902BE67421}.Debug|Any CPU.Build.0 = Debug|Any CPU
		{74CC959A-CC9F-4AD1-B487-93902BE67421}.Release|Any CPU.ActiveCfg = Release|Any CPU
		{74CC959A-CC9F-4AD1-B487-93902BE67421}.Release|Any CPU.Build.0 = Release|Any CPU
	EndGlobalSection
	GlobalSection(SolutionProperties) = preSolution
		HideSolutionNode = FALSE
	EndGlobalSection
	GlobalSection(ExtensibilityGlobals) = postSolution
		SolutionGuid = {2C2189EF-DBF3-404F-84DA-7ED609D12E4A}
	EndGlobalSection
EndGlobal
